
Microsoft Visual Studio Solution File, Format Version 12.00
# Visual Studio Version 17
VisualStudioVersion = 17.9.34723.18
MinimumVisualStudioVersion = 10.0.40219.1
Project("{2150E333-8FDC-42A3-9474-1A3956D46DE8}") = "Tests", "Tests", "{7404A3C2-96DA-4D53-B358-BDBAB1B62CF9}"
EndProject
Project("{9A19103F-16F7-4668-BE54-9A1E7A4F7556}") = "Ethik.Utility.Tests", "Tests\Ethik.Utility.Tests\Ethik.Utility.Tests.csproj", "{CFA3665C-A616-4450-88C2-661089FE3B5A}"
EndProject
Project("{2150E333-8FDC-42A3-9474-1A3956D46DE8}") = "Src", "Src", "{CCA1F008-9289-429B-8FB5-7A38B1B88049}"
EndProject
Project("{9A19103F-16F7-4668-BE54-9A1E7A4F7556}") = "Ethik.Utility", "Src\Ethik.Utility\Ethik.Utility.csproj", "{70B6A734-B377-493C-A250-1566151C02F8}"
EndProject
Global
	GlobalSection(SolutionConfigurationPlatforms) = preSolution
		Debug|Any CPU = Debug|Any CPU
		Release|Any CPU = Release|Any CPU
	EndGlobalSection
	GlobalSection(ProjectConfigurationPlatforms) = postSolution
		{CFA3665C-A616-4450-88C2-661089FE3B5A}.Debug|Any CPU.ActiveCfg = Debug|Any CPU
		{CFA3665C-A616-4450-88C2-661089FE3B5A}.Debug|Any CPU.Build.0 = Debug|Any CPU
		{CFA3665C-A616-4450-88C2-661089FE3B5A}.Release|Any CPU.ActiveCfg = Release|Any CPU
		{CFA3665C-A616-4450-88C2-661089FE3B5A}.Release|Any CPU.Build.0 = Release|Any CPU
		{70B6A734-B377-493C-A250-1566151C02F8}.Debug|Any CPU.ActiveCfg = Debug|Any CPU
		{70B6A734-B377-493C-A250-1566151C02F8}.Debug|Any CPU.Build.0 = Debug|Any CPU
		{70B6A734-B377-493C-A250-1566151C02F8}.Release|Any CPU.ActiveCfg = Release|Any CPU
		{70B6A734-B377-493C-A250-1566151C02F8}.Release|Any CPU.Build.0 = Release|Any CPU
	EndGlobalSection
	GlobalSection(SolutionProperties) = preSolution
		HideSolutionNode = FALSE
	EndGlobalSection
	GlobalSection(NestedProjects) = preSolution
		{CFA3665C-A616-4450-88C2-661089FE3B5A} = {7404A3C2-96DA-4D53-B358-BDBAB1B62CF9}
		{70B6A734-B377-493C-A250-1566151C02F8} = {CCA1F008-9289-429B-8FB5-7A38B1B88049}
	EndGlobalSection
	GlobalSection(ExtensibilityGlobals) = postSolution
		SolutionGuid = {63B45311-391A-4726-8BAC-DD3BE306898A}
	EndGlobalSection
EndGlobal
